// !$*UTF8*$!
{
	archiveVersion = 1;
	classes = {
	};
	objectVersion = 55;
	objects = {

/* Begin PBXBuildFile section */
		B51F410528D6FF8000AECFE7 /* ResizableAsyncImage.swift in Sources */ = {isa = PBXBuildFile; fileRef = B51F410428D6FF8000AECFE7 /* ResizableAsyncImage.swift */; };
		B51F410728D7037500AECFE7 /* InfoMultilineText.swift in Sources */ = {isa = PBXBuildFile; fileRef = B51F410628D7037500AECFE7 /* InfoMultilineText.swift */; };
		B51F410928D704B600AECFE7 /* MenuPicker.swift in Sources */ = {isa = PBXBuildFile; fileRef = B51F410828D704B600AECFE7 /* MenuPicker.swift */; };
		B51F410B28D7056900AECFE7 /* PromoPreview.swift in Sources */ = {isa = PBXBuildFile; fileRef = B51F410A28D7056900AECFE7 /* PromoPreview.swift */; };
		B51F410D28D7060300AECFE7 /* ViewModelWithStatus.swift in Sources */ = {isa = PBXBuildFile; fileRef = B51F410C28D7060200AECFE7 /* ViewModelWithStatus.swift */; };
		B51F410F28D7068E00AECFE7 /* AddMissingViewModel.swift in Sources */ = {isa = PBXBuildFile; fileRef = B51F410E28D7068E00AECFE7 /* AddMissingViewModel.swift */; };
		B51F411128D70E1800AECFE7 /* ImageService.swift in Sources */ = {isa = PBXBuildFile; fileRef = B51F411028D70E1800AECFE7 /* ImageService.swift */; };
		B53FD8D427D384340057BFD0 /* ArticlePreview.swift in Sources */ = {isa = PBXBuildFile; fileRef = B53FD8D327D384340057BFD0 /* ArticlePreview.swift */; };
		B5679A2E27933BD50022DD5B /* TownNewsApp.swift in Sources */ = {isa = PBXBuildFile; fileRef = B5679A2D27933BD50022DD5B /* TownNewsApp.swift */; };
		B5679A3027933BD50022DD5B /* NewsPageView.swift in Sources */ = {isa = PBXBuildFile; fileRef = B5679A2F27933BD50022DD5B /* NewsPageView.swift */; };
		B5679A3227933BE70022DD5B /* Assets.xcassets in Resources */ = {isa = PBXBuildFile; fileRef = B5679A3127933BE70022DD5B /* Assets.xcassets */; };
		B5679A3527933BE70022DD5B /* Preview Assets.xcassets in Resources */ = {isa = PBXBuildFile; fileRef = B5679A3427933BE70022DD5B /* Preview Assets.xcassets */; };
		B5679A3F27933BE70022DD5B /* TownNewsTests.swift in Sources */ = {isa = PBXBuildFile; fileRef = B5679A3E27933BE70022DD5B /* TownNewsTests.swift */; };
		B5679A4927933BE70022DD5B /* TownNewsUITests.swift in Sources */ = {isa = PBXBuildFile; fileRef = B5679A4827933BE70022DD5B /* TownNewsUITests.swift */; };
		B5679A4B27933BE70022DD5B /* TownNewsUITestsLaunchTests.swift in Sources */ = {isa = PBXBuildFile; fileRef = B5679A4A27933BE70022DD5B /* TownNewsUITestsLaunchTests.swift */; };
		B56D87A328DBA32000132B41 /* OnboardingScreen.swift in Sources */ = {isa = PBXBuildFile; fileRef = B56D87A228DBA32000132B41 /* OnboardingScreen.swift */; };
		B570FF2027A1D4380035164A /* AccountView.swift in Sources */ = {isa = PBXBuildFile; fileRef = B570FF1F27A1D4380035164A /* AccountView.swift */; };
		B570FF2227A1DF5F0035164A /* Extensions.swift in Sources */ = {isa = PBXBuildFile; fileRef = B570FF2127A1DF5F0035164A /* Extensions.swift */; };
		B570FF2427A1EA8D0035164A /* FavoritesView.swift in Sources */ = {isa = PBXBuildFile; fileRef = B570FF2327A1EA8D0035164A /* FavoritesView.swift */; };
		B570FF2627A1F0F60035164A /* CreatorMissingsView.swift in Sources */ = {isa = PBXBuildFile; fileRef = B570FF2527A1F0F60035164A /* CreatorMissingsView.swift */; };
		B570FF2827A1F3900035164A /* CreatorMissingView.swift in Sources */ = {isa = PBXBuildFile; fileRef = B570FF2727A1F3900035164A /* CreatorMissingView.swift */; };
		B571D8D5279713CA00BBD226 /* Promo.swift in Sources */ = {isa = PBXBuildFile; fileRef = B571D8D4279713CA00BBD226 /* Promo.swift */; };
		B571D8D7279714AC00BBD226 /* PromosViewModel.swift in Sources */ = {isa = PBXBuildFile; fileRef = B571D8D6279714AB00BBD226 /* PromosViewModel.swift */; };
		B571D8D92797265A00BBD226 /* Missing.swift in Sources */ = {isa = PBXBuildFile; fileRef = B571D8D82797265A00BBD226 /* Missing.swift */; };
		B571D8DB279727B700BBD226 /* MissingsViewModel.swift in Sources */ = {isa = PBXBuildFile; fileRef = B571D8DA279727B700BBD226 /* MissingsViewModel.swift */; };
		B57DB7E527A2FCDC0070EA79 /* LaunchScreen.storyboard in Resources */ = {isa = PBXBuildFile; fileRef = B57DB7E427A2FCDC0070EA79 /* LaunchScreen.storyboard */; };
		B59595E92794C4A800BD7A73 /* MissingsListView.swift in Sources */ = {isa = PBXBuildFile; fileRef = B59595E82794C4A800BD7A73 /* MissingsListView.swift */; };
		B59595EB2794CC9200BD7A73 /* AppTabView.swift in Sources */ = {isa = PBXBuildFile; fileRef = B59595EA2794CC8F00BD7A73 /* AppTabView.swift */; };
		B59595EE27959CCB00BD7A73 /* ArticlesViewModel.swift in Sources */ = {isa = PBXBuildFile; fileRef = B59595ED27959CCA00BD7A73 /* ArticlesViewModel.swift */; };
		B59595F127959D9D00BD7A73 /* Article.swift in Sources */ = {isa = PBXBuildFile; fileRef = B59595F027959D9D00BD7A73 /* Article.swift */; };
		B59595F427959E3D00BD7A73 /* APIService.swift in Sources */ = {isa = PBXBuildFile; fileRef = B59595F327959E3D00BD7A73 /* APIService.swift */; };
		B59595FC2795B73400BD7A73 /* PromoView.swift in Sources */ = {isa = PBXBuildFile; fileRef = B59595FB2795B73400BD7A73 /* PromoView.swift */; };
		B59595FE2795B75200BD7A73 /* ArticleView.swift in Sources */ = {isa = PBXBuildFile; fileRef = B59595FD2795B75200BD7A73 /* ArticleView.swift */; };
		B59596002795B78A00BD7A73 /* AdMissingView.swift in Sources */ = {isa = PBXBuildFile; fileRef = B59595FF2795B78A00BD7A73 /* AdMissingView.swift */; };
		B5C163CB28D79A8100D2C6C0 /* OnboardingViewModel.swift in Sources */ = {isa = PBXBuildFile; fileRef = B5C163CA28D79A8100D2C6C0 /* OnboardingViewModel.swift */; };
		B5C163CD28D79C8900D2C6C0 /* OnboardingView.swift in Sources */ = {isa = PBXBuildFile; fileRef = B5C163CC28D79C8900D2C6C0 /* OnboardingView.swift */; };
		B5E2041C279840EC002E820C /* Tag.swift in Sources */ = {isa = PBXBuildFile; fileRef = B5E2041B279840EB002E820C /* Tag.swift */; };
		B5E2041E27984141002E820C /* TagsViewModel.swift in Sources */ = {isa = PBXBuildFile; fileRef = B5E2041D27984141002E820C /* TagsViewModel.swift */; };
		B5E204222798BBCF002E820C /* ImagePicker.swift in Sources */ = {isa = PBXBuildFile; fileRef = B5E204212798BBCF002E820C /* ImagePicker.swift */; };
		B5EE3D7127A0A4CF00AF63ED /* MissingView.swift in Sources */ = {isa = PBXBuildFile; fileRef = B5EE3D7027A0A4CF00AF63ED /* MissingView.swift */; };
		B5F3C66C27D3ABEF005A944D /* SharedViewModel.swift in Sources */ = {isa = PBXBuildFile; fileRef = B5F3C66B27D3ABEF005A944D /* SharedViewModel.swift */; };
		B5F3C66F27D42064005A944D /* MissingPreview.swift in Sources */ = {isa = PBXBuildFile; fileRef = B5F3C66E27D42064005A944D /* MissingPreview.swift */; };
/* End PBXBuildFile section */

/* Begin PBXContainerItemProxy section */
		B5679A3B27933BE70022DD5B /* PBXContainerItemProxy */ = {
			isa = PBXContainerItemProxy;
			containerPortal = B5679A2227933BD50022DD5B /* Project object */;
			proxyType = 1;
			remoteGlobalIDString = B5679A2927933BD50022DD5B;
			remoteInfo = TownNews;
		};
		B5679A4527933BE70022DD5B /* PBXContainerItemProxy */ = {
			isa = PBXContainerItemProxy;
			containerPortal = B5679A2227933BD50022DD5B /* Project object */;
			proxyType = 1;
			remoteGlobalIDString = B5679A2927933BD50022DD5B;
			remoteInfo = TownNews;
		};
/* End PBXContainerItemProxy section */

/* Begin PBXFileReference section */
		B51F410428D6FF8000AECFE7 /* ResizableAsyncImage.swift */ = {isa = PBXFileReference; lastKnownFileType = sourcecode.swift; path = ResizableAsyncImage.swift; sourceTree = "<group>"; };
		B51F410628D7037500AECFE7 /* InfoMultilineText.swift */ = {isa = PBXFileReference; lastKnownFileType = sourcecode.swift; path = InfoMultilineText.swift; sourceTree = "<group>"; };
		B51F410828D704B600AECFE7 /* MenuPicker.swift */ = {isa = PBXFileReference; lastKnownFileType = sourcecode.swift; path = MenuPicker.swift; sourceTree = "<group>"; };
		B51F410A28D7056900AECFE7 /* PromoPreview.swift */ = {isa = PBXFileReference; lastKnownFileType = sourcecode.swift; path = PromoPreview.swift; sourceTree = "<group>"; };
		B51F410C28D7060200AECFE7 /* ViewModelWithStatus.swift */ = {isa = PBXFileReference; lastKnownFileType = sourcecode.swift; path = ViewModelWithStatus.swift; sourceTree = "<group>"; };
		B51F410E28D7068E00AECFE7 /* AddMissingViewModel.swift */ = {isa = PBXFileReference; lastKnownFileType = sourcecode.swift; path = AddMissingViewModel.swift; sourceTree = "<group>"; };
		B51F411028D70E1800AECFE7 /* ImageService.swift */ = {isa = PBXFileReference; lastKnownFileType = sourcecode.swift; path = ImageService.swift; sourceTree = "<group>"; };
		B53FD8D327D384340057BFD0 /* ArticlePreview.swift */ = {isa = PBXFileReference; lastKnownFileType = sourcecode.swift; path = ArticlePreview.swift; sourceTree = "<group>"; };
		B5679A2A27933BD50022DD5B /* TownNews.app */ = {isa = PBXFileReference; explicitFileType = wrapper.application; includeInIndex = 0; path = TownNews.app; sourceTree = BUILT_PRODUCTS_DIR; };
		B5679A2D27933BD50022DD5B /* TownNewsApp.swift */ = {isa = PBXFileReference; lastKnownFileType = sourcecode.swift; path = TownNewsApp.swift; sourceTree = "<group>"; };
		B5679A2F27933BD50022DD5B /* NewsPageView.swift */ = {isa = PBXFileReference; lastKnownFileType = sourcecode.swift; path = NewsPageView.swift; sourceTree = "<group>"; };
		B5679A3127933BE70022DD5B /* Assets.xcassets */ = {isa = PBXFileReference; lastKnownFileType = folder.assetcatalog; path = Assets.xcassets; sourceTree = "<group>"; };
		B5679A3427933BE70022DD5B /* Preview Assets.xcassets */ = {isa = PBXFileReference; lastKnownFileType = folder.assetcatalog; path = "Preview Assets.xcassets"; sourceTree = "<group>"; };
		B5679A3A27933BE70022DD5B /* TownNewsTests.xctest */ = {isa = PBXFileReference; explicitFileType = wrapper.cfbundle; includeInIndex = 0; path = TownNewsTests.xctest; sourceTree = BUILT_PRODUCTS_DIR; };
		B5679A3E27933BE70022DD5B /* TownNewsTests.swift */ = {isa = PBXFileReference; lastKnownFileType = sourcecode.swift; path = TownNewsTests.swift; sourceTree = "<group>"; };
		B5679A4427933BE70022DD5B /* TownNewsUITests.xctest */ = {isa = PBXFileReference; explicitFileType = wrapper.cfbundle; includeInIndex = 0; path = TownNewsUITests.xctest; sourceTree = BUILT_PRODUCTS_DIR; };
		B5679A4827933BE70022DD5B /* TownNewsUITests.swift */ = {isa = PBXFileReference; lastKnownFileType = sourcecode.swift; path = TownNewsUITests.swift; sourceTree = "<group>"; };
		B5679A4A27933BE70022DD5B /* TownNewsUITestsLaunchTests.swift */ = {isa = PBXFileReference; lastKnownFileType = sourcecode.swift; path = TownNewsUITestsLaunchTests.swift; sourceTree = "<group>"; };
		B56D87A228DBA32000132B41 /* OnboardingScreen.swift */ = {isa = PBXFileReference; lastKnownFileType = sourcecode.swift; path = OnboardingScreen.swift; sourceTree = "<group>"; };
		B56ED7BD27F355DA00238012 /* Info.plist */ = {isa = PBXFileReference; lastKnownFileType = text.plist; path = Info.plist; sourceTree = "<group>"; };
		B570FF1F27A1D4380035164A /* AccountView.swift */ = {isa = PBXFileReference; lastKnownFileType = sourcecode.swift; path = AccountView.swift; sourceTree = "<group>"; };
		B570FF2127A1DF5F0035164A /* Extensions.swift */ = {isa = PBXFileReference; lastKnownFileType = sourcecode.swift; path = Extensions.swift; sourceTree = "<group>"; };
		B570FF2327A1EA8D0035164A /* FavoritesView.swift */ = {isa = PBXFileReference; lastKnownFileType = sourcecode.swift; path = FavoritesView.swift; sourceTree = "<group>"; };
		B570FF2527A1F0F60035164A /* CreatorMissingsView.swift */ = {isa = PBXFileReference; lastKnownFileType = sourcecode.swift; path = CreatorMissingsView.swift; sourceTree = "<group>"; };
		B570FF2727A1F3900035164A /* CreatorMissingView.swift */ = {isa = PBXFileReference; lastKnownFileType = sourcecode.swift; path = CreatorMissingView.swift; sourceTree = "<group>"; };
		B571D8D4279713CA00BBD226 /* Promo.swift */ = {isa = PBXFileReference; lastKnownFileType = sourcecode.swift; path = Promo.swift; sourceTree = "<group>"; };
		B571D8D6279714AB00BBD226 /* PromosViewModel.swift */ = {isa = PBXFileReference; lastKnownFileType = sourcecode.swift; path = PromosViewModel.swift; sourceTree = "<group>"; };
		B571D8D82797265A00BBD226 /* Missing.swift */ = {isa = PBXFileReference; lastKnownFileType = sourcecode.swift; path = Missing.swift; sourceTree = "<group>"; };
		B571D8DA279727B700BBD226 /* MissingsViewModel.swift */ = {isa = PBXFileReference; lastKnownFileType = sourcecode.swift; path = MissingsViewModel.swift; sourceTree = "<group>"; };
		B57DB7E427A2FCDC0070EA79 /* LaunchScreen.storyboard */ = {isa = PBXFileReference; lastKnownFileType = file.storyboard; path = LaunchScreen.storyboard; sourceTree = "<group>"; };
		B59595E82794C4A800BD7A73 /* MissingsListView.swift */ = {isa = PBXFileReference; lastKnownFileType = sourcecode.swift; path = MissingsListView.swift; sourceTree = "<group>"; };
		B59595EA2794CC8F00BD7A73 /* AppTabView.swift */ = {isa = PBXFileReference; lastKnownFileType = sourcecode.swift; path = AppTabView.swift; sourceTree = "<group>"; };
		B59595ED27959CCA00BD7A73 /* ArticlesViewModel.swift */ = {isa = PBXFileReference; lastKnownFileType = sourcecode.swift; path = ArticlesViewModel.swift; sourceTree = "<group>"; };
		B59595F027959D9D00BD7A73 /* Article.swift */ = {isa = PBXFileReference; lastKnownFileType = sourcecode.swift; path = Article.swift; sourceTree = "<group>"; };
		B59595F327959E3D00BD7A73 /* APIService.swift */ = {isa = PBXFileReference; lastKnownFileType = sourcecode.swift; path = APIService.swift; sourceTree = "<group>"; };
		B59595FB2795B73400BD7A73 /* PromoView.swift */ = {isa = PBXFileReference; lastKnownFileType = sourcecode.swift; path = PromoView.swift; sourceTree = "<group>"; };
		B59595FD2795B75200BD7A73 /* ArticleView.swift */ = {isa = PBXFileReference; lastKnownFileType = sourcecode.swift; path = ArticleView.swift; sourceTree = "<group>"; };
		B59595FF2795B78A00BD7A73 /* AdMissingView.swift */ = {isa = PBXFileReference; lastKnownFileType = sourcecode.swift; path = AdMissingView.swift; sourceTree = "<group>"; };
		B5C163CA28D79A8100D2C6C0 /* OnboardingViewModel.swift */ = {isa = PBXFileReference; lastKnownFileType = sourcecode.swift; path = OnboardingViewModel.swift; sourceTree = "<group>"; };
		B5C163CC28D79C8900D2C6C0 /* OnboardingView.swift */ = {isa = PBXFileReference; lastKnownFileType = sourcecode.swift; path = OnboardingView.swift; sourceTree = "<group>"; };
		B5E2041B279840EB002E820C /* Tag.swift */ = {isa = PBXFileReference; lastKnownFileType = sourcecode.swift; path = Tag.swift; sourceTree = "<group>"; };
		B5E2041D27984141002E820C /* TagsViewModel.swift */ = {isa = PBXFileReference; lastKnownFileType = sourcecode.swift; path = TagsViewModel.swift; sourceTree = "<group>"; };
		B5E204212798BBCF002E820C /* ImagePicker.swift */ = {isa = PBXFileReference; lastKnownFileType = sourcecode.swift; path = ImagePicker.swift; sourceTree = "<group>"; };
		B5EE3D7027A0A4CF00AF63ED /* MissingView.swift */ = {isa = PBXFileReference; lastKnownFileType = sourcecode.swift; path = MissingView.swift; sourceTree = "<group>"; };
		B5F3C66B27D3ABEF005A944D /* SharedViewModel.swift */ = {isa = PBXFileReference; lastKnownFileType = sourcecode.swift; path = SharedViewModel.swift; sourceTree = "<group>"; };
		B5F3C66E27D42064005A944D /* MissingPreview.swift */ = {isa = PBXFileReference; lastKnownFileType = sourcecode.swift; path = MissingPreview.swift; sourceTree = "<group>"; };
/* End PBXFileReference section */

/* Begin PBXFrameworksBuildPhase section */
		B5679A2727933BD50022DD5B /* Frameworks */ = {
			isa = PBXFrameworksBuildPhase;
			buildActionMask = 2147483647;
			files = (
			);
			runOnlyForDeploymentPostprocessing = 0;
		};
		B5679A3727933BE70022DD5B /* Frameworks */ = {
			isa = PBXFrameworksBuildPhase;
			buildActionMask = 2147483647;
			files = (
			);
			runOnlyForDeploymentPostprocessing = 0;
		};
		B5679A4127933BE70022DD5B /* Frameworks */ = {
			isa = PBXFrameworksBuildPhase;
			buildActionMask = 2147483647;
			files = (
			);
			runOnlyForDeploymentPostprocessing = 0;
		};
/* End PBXFrameworksBuildPhase section */

/* Begin PBXGroup section */
		B51F410328D6FF6300AECFE7 /* Shared */ = {
			isa = PBXGroup;
			children = (
				B53FD8D327D384340057BFD0 /* ArticlePreview.swift */,
				B51F410628D7037500AECFE7 /* InfoMultilineText.swift */,
				B51F410828D704B600AECFE7 /* MenuPicker.swift */,
				B5F3C66E27D42064005A944D /* MissingPreview.swift */,
				B51F410428D6FF8000AECFE7 /* ResizableAsyncImage.swift */,
				B51F410A28D7056900AECFE7 /* PromoPreview.swift */,
			);
			path = Shared;
			sourceTree = "<group>";
		};
		B5679A2127933BD50022DD5B = {
			isa = PBXGroup;
			children = (
				B5679A2C27933BD50022DD5B /* TownNews */,
				B5679A3D27933BE70022DD5B /* TownNewsTests */,
				B5679A4727933BE70022DD5B /* TownNewsUITests */,
				B5679A2B27933BD50022DD5B /* Products */,
			);
			sourceTree = "<group>";
		};
		B5679A2B27933BD50022DD5B /* Products */ = {
			isa = PBXGroup;
			children = (
				B5679A2A27933BD50022DD5B /* TownNews.app */,
				B5679A3A27933BE70022DD5B /* TownNewsTests.xctest */,
				B5679A4427933BE70022DD5B /* TownNewsUITests.xctest */,
			);
			name = Products;
			sourceTree = "<group>";
		};
		B5679A2C27933BD50022DD5B /* TownNews */ = {
			isa = PBXGroup;
			children = (
				B5679A3127933BE70022DD5B /* Assets.xcassets */,
				B56ED7BD27F355DA00238012 /* Info.plist */,
				B59595EF27959D8400BD7A73 /* Models */,
				B5679A3327933BE70022DD5B /* Preview Content */,
				B59595F227959E2500BD7A73 /* Services */,
				B5679A2D27933BD50022DD5B /* TownNewsApp.swift */,
				B59595EC27959C9C00BD7A73 /* ViewModels */,
				B59595E72794C30200BD7A73 /* Views */,
			);
			path = TownNews;
			sourceTree = "<group>";
		};
		B5679A3327933BE70022DD5B /* Preview Content */ = {
			isa = PBXGroup;
			children = (
				B5679A3427933BE70022DD5B /* Preview Assets.xcassets */,
			);
			path = "Preview Content";
			sourceTree = "<group>";
		};
		B5679A3D27933BE70022DD5B /* TownNewsTests */ = {
			isa = PBXGroup;
			children = (
				B5679A3E27933BE70022DD5B /* TownNewsTests.swift */,
			);
			path = TownNewsTests;
			sourceTree = "<group>";
		};
		B5679A4727933BE70022DD5B /* TownNewsUITests */ = {
			isa = PBXGroup;
			children = (
				B5679A4827933BE70022DD5B /* TownNewsUITests.swift */,
				B5679A4A27933BE70022DD5B /* TownNewsUITestsLaunchTests.swift */,
			);
			path = TownNewsUITests;
			sourceTree = "<group>";
		};
		B59595E72794C30200BD7A73 /* Views */ = {
			isa = PBXGroup;
			children = (
				B570FF1F27A1D4380035164A /* AccountView.swift */,
				B59595FF2795B78A00BD7A73 /* AdMissingView.swift */,
				B59595EA2794CC8F00BD7A73 /* AppTabView.swift */,
				B59595FD2795B75200BD7A73 /* ArticleView.swift */,
				B570FF2527A1F0F60035164A /* CreatorMissingsView.swift */,
				B570FF2727A1F3900035164A /* CreatorMissingView.swift */,
				B570FF2327A1EA8D0035164A /* FavoritesView.swift */,
				B57DB7E427A2FCDC0070EA79 /* LaunchScreen.storyboard */,
				B59595E82794C4A800BD7A73 /* MissingsListView.swift */,
				B5EE3D7027A0A4CF00AF63ED /* MissingView.swift */,
				B5679A2F27933BD50022DD5B /* NewsPageView.swift */,
				B5C163CE28D79FFC00D2C6C0 /* Onboardings */,
				B59595FB2795B73400BD7A73 /* PromoView.swift */,
				B51F410328D6FF6300AECFE7 /* Shared */,
			);
			path = Views;
			sourceTree = "<group>";
		};
		B59595EC27959C9C00BD7A73 /* ViewModels */ = {
			isa = PBXGroup;
			children = (
				B51F410E28D7068E00AECFE7 /* AddMissingViewModel.swift */,
				B59595ED27959CCA00BD7A73 /* ArticlesViewModel.swift */,
				B571D8DA279727B700BBD226 /* MissingsViewModel.swift */,
				B571D8D6279714AB00BBD226 /* PromosViewModel.swift */,
				B5F3C66B27D3ABEF005A944D /* SharedViewModel.swift */,
				B5E2041D27984141002E820C /* TagsViewModel.swift */,
				B51F410C28D7060200AECFE7 /* ViewModelWithStatus.swift */,
				B5C163CA28D79A8100D2C6C0 /* OnboardingViewModel.swift */,
			);
			path = ViewModels;
			sourceTree = "<group>";
		};
		B59595EF27959D8400BD7A73 /* Models */ = {
			isa = PBXGroup;
			children = (
				B59595F027959D9D00BD7A73 /* Article.swift */,
				B571D8D4279713CA00BBD226 /* Promo.swift */,
				B571D8D82797265A00BBD226 /* Missing.swift */,
				B5E2041B279840EB002E820C /* Tag.swift */,
			);
			path = Models;
			sourceTree = "<group>";
		};
		B59595F227959E2500BD7A73 /* Services */ = {
			isa = PBXGroup;
			children = (
				B59595F327959E3D00BD7A73 /* APIService.swift */,
				B5E204212798BBCF002E820C /* ImagePicker.swift */,
				B570FF2127A1DF5F0035164A /* Extensions.swift */,
				B51F411028D70E1800AECFE7 /* ImageService.swift */,
			);
			path = Services;
			sourceTree = "<group>";
		};
		B5C163CE28D79FFC00D2C6C0 /* Onboardings */ = {
			isa = PBXGroup;
			children = (
				B5C163CC28D79C8900D2C6C0 /* OnboardingView.swift */,
				B56D87A228DBA32000132B41 /* OnboardingScreen.swift */,
			);
			path = Onboardings;
			sourceTree = "<group>";
		};
/* End PBXGroup section */

/* Begin PBXNativeTarget section */
		B5679A2927933BD50022DD5B /* TownNews */ = {
			isa = PBXNativeTarget;
			buildConfigurationList = B5679A4E27933BE70022DD5B /* Build configuration list for PBXNativeTarget "TownNews" */;
			buildPhases = (
				B5679A2627933BD50022DD5B /* Sources */,
				B5679A2727933BD50022DD5B /* Frameworks */,
				B5679A2827933BD50022DD5B /* Resources */,
			);
			buildRules = (
			);
			dependencies = (
			);
			name = TownNews;
			productName = TownNews;
			productReference = B5679A2A27933BD50022DD5B /* TownNews.app */;
			productType = "com.apple.product-type.application";
		};
		B5679A3927933BE70022DD5B /* TownNewsTests */ = {
			isa = PBXNativeTarget;
			buildConfigurationList = B5679A5127933BE70022DD5B /* Build configuration list for PBXNativeTarget "TownNewsTests" */;
			buildPhases = (
				B5679A3627933BE70022DD5B /* Sources */,
				B5679A3727933BE70022DD5B /* Frameworks */,
				B5679A3827933BE70022DD5B /* Resources */,
			);
			buildRules = (
			);
			dependencies = (
				B5679A3C27933BE70022DD5B /* PBXTargetDependency */,
			);
			name = TownNewsTests;
			productName = TownNewsTests;
			productReference = B5679A3A27933BE70022DD5B /* TownNewsTests.xctest */;
			productType = "com.apple.product-type.bundle.unit-test";
		};
		B5679A4327933BE70022DD5B /* TownNewsUITests */ = {
			isa = PBXNativeTarget;
			buildConfigurationList = B5679A5427933BE70022DD5B /* Build configuration list for PBXNativeTarget "TownNewsUITests" */;
			buildPhases = (
				B5679A4027933BE70022DD5B /* Sources */,
				B5679A4127933BE70022DD5B /* Frameworks */,
				B5679A4227933BE70022DD5B /* Resources */,
			);
			buildRules = (
			);
			dependencies = (
				B5679A4627933BE70022DD5B /* PBXTargetDependency */,
			);
			name = TownNewsUITests;
			productName = TownNewsUITests;
			productReference = B5679A4427933BE70022DD5B /* TownNewsUITests.xctest */;
			productType = "com.apple.product-type.bundle.ui-testing";
		};
/* End PBXNativeTarget section */

/* Begin PBXProject section */
		B5679A2227933BD50022DD5B /* Project object */ = {
			isa = PBXProject;
			attributes = {
				BuildIndependentTargetsInParallel = 1;
				LastSwiftUpdateCheck = 1310;
				LastUpgradeCheck = 1310;
				TargetAttributes = {
					B5679A2927933BD50022DD5B = {
						CreatedOnToolsVersion = 13.1;
					};
					B5679A3927933BE70022DD5B = {
						CreatedOnToolsVersion = 13.1;
						TestTargetID = B5679A2927933BD50022DD5B;
					};
					B5679A4327933BE70022DD5B = {
						CreatedOnToolsVersion = 13.1;
						TestTargetID = B5679A2927933BD50022DD5B;
					};
				};
			};
			buildConfigurationList = B5679A2527933BD50022DD5B /* Build configuration list for PBXProject "TownNews" */;
			compatibilityVersion = "Xcode 13.0";
			developmentRegion = en;
			hasScannedForEncodings = 0;
			knownRegions = (
				en,
				Base,
			);
			mainGroup = B5679A2127933BD50022DD5B;
			productRefGroup = B5679A2B27933BD50022DD5B /* Products */;
			projectDirPath = "";
			projectRoot = "";
			targets = (
				B5679A2927933BD50022DD5B /* TownNews */,
				B5679A3927933BE70022DD5B /* TownNewsTests */,
				B5679A4327933BE70022DD5B /* TownNewsUITests */,
			);
		};
/* End PBXProject section */

/* Begin PBXResourcesBuildPhase section */
		B5679A2827933BD50022DD5B /* Resources */ = {
			isa = PBXResourcesBuildPhase;
			buildActionMask = 2147483647;
			files = (
				B57DB7E527A2FCDC0070EA79 /* LaunchScreen.storyboard in Resources */,
				B5679A3527933BE70022DD5B /* Preview Assets.xcassets in Resources */,
				B5679A3227933BE70022DD5B /* Assets.xcassets in Resources */,
			);
			runOnlyForDeploymentPostprocessing = 0;
		};
		B5679A3827933BE70022DD5B /* Resources */ = {
			isa = PBXResourcesBuildPhase;
			buildActionMask = 2147483647;
			files = (
			);
			runOnlyForDeploymentPostprocessing = 0;
		};
		B5679A4227933BE70022DD5B /* Resources */ = {
			isa = PBXResourcesBuildPhase;
			buildActionMask = 2147483647;
			files = (
			);
			runOnlyForDeploymentPostprocessing = 0;
		};
/* End PBXResourcesBuildPhase section */

/* Begin PBXSourcesBuildPhase section */
		B5679A2627933BD50022DD5B /* Sources */ = {
			isa = PBXSourcesBuildPhase;
			buildActionMask = 2147483647;
			files = (
				B5679A3027933BD50022DD5B /* NewsPageView.swift in Sources */,
				B59595F427959E3D00BD7A73 /* APIService.swift in Sources */,
				B5679A2E27933BD50022DD5B /* TownNewsApp.swift in Sources */,
				B51F410F28D7068E00AECFE7 /* AddMissingViewModel.swift in Sources */,
				B5E204222798BBCF002E820C /* ImagePicker.swift in Sources */,
				B59595F127959D9D00BD7A73 /* Article.swift in Sources */,
				B571D8D7279714AC00BBD226 /* PromosViewModel.swift in Sources */,
				B51F410B28D7056900AECFE7 /* PromoPreview.swift in Sources */,
				B51F411128D70E1800AECFE7 /* ImageService.swift in Sources */,
				B5C163CB28D79A8100D2C6C0 /* OnboardingViewModel.swift in Sources */,
				B59595EB2794CC9200BD7A73 /* AppTabView.swift in Sources */,
				B571D8D92797265A00BBD226 /* Missing.swift in Sources */,
				B59595FC2795B73400BD7A73 /* PromoView.swift in Sources */,
				B5C163CD28D79C8900D2C6C0 /* OnboardingView.swift in Sources */,
				B51F410D28D7060300AECFE7 /* ViewModelWithStatus.swift in Sources */,
				B5EE3D7127A0A4CF00AF63ED /* MissingView.swift in Sources */,
				B59596002795B78A00BD7A73 /* AdMissingView.swift in Sources */,
				B5F3C66F27D42064005A944D /* MissingPreview.swift in Sources */,
				B51F410528D6FF8000AECFE7 /* ResizableAsyncImage.swift in Sources */,
				B570FF2427A1EA8D0035164A /* FavoritesView.swift in Sources */,
				B5E2041E27984141002E820C /* TagsViewModel.swift in Sources */,
				B59595EE27959CCB00BD7A73 /* ArticlesViewModel.swift in Sources */,
				B570FF2627A1F0F60035164A /* CreatorMissingsView.swift in Sources */,
				B570FF2027A1D4380035164A /* AccountView.swift in Sources */,
				B571D8D5279713CA00BBD226 /* Promo.swift in Sources */,
				B570FF2227A1DF5F0035164A /* Extensions.swift in Sources */,
				B571D8DB279727B700BBD226 /* MissingsViewModel.swift in Sources */,
				B51F410928D704B600AECFE7 /* MenuPicker.swift in Sources */,
				B5E2041C279840EC002E820C /* Tag.swift in Sources */,
				B59595E92794C4A800BD7A73 /* MissingsListView.swift in Sources */,
				B56D87A328DBA32000132B41 /* OnboardingScreen.swift in Sources */,
				B53FD8D427D384340057BFD0 /* ArticlePreview.swift in Sources */,
				B570FF2827A1F3900035164A /* CreatorMissingView.swift in Sources */,
				B59595FE2795B75200BD7A73 /* ArticleView.swift in Sources */,
				B51F410728D7037500AECFE7 /* InfoMultilineText.swift in Sources */,
				B5F3C66C27D3ABEF005A944D /* SharedViewModel.swift in Sources */,
			);
			runOnlyForDeploymentPostprocessing = 0;
		};
		B5679A3627933BE70022DD5B /* Sources */ = {
			isa = PBXSourcesBuildPhase;
			buildActionMask = 2147483647;
			files = (
				B5679A3F27933BE70022DD5B /* TownNewsTests.swift in Sources */,
			);
			runOnlyForDeploymentPostprocessing = 0;
		};
		B5679A4027933BE70022DD5B /* Sources */ = {
			isa = PBXSourcesBuildPhase;
			buildActionMask = 2147483647;
			files = (
				B5679A4B27933BE70022DD5B /* TownNewsUITestsLaunchTests.swift in Sources */,
				B5679A4927933BE70022DD5B /* TownNewsUITests.swift in Sources */,
			);
			runOnlyForDeploymentPostprocessing = 0;
		};
/* End PBXSourcesBuildPhase section */

/* Begin PBXTargetDependency section */
		B5679A3C27933BE70022DD5B /* PBXTargetDependency */ = {
			isa = PBXTargetDependency;
			target = B5679A2927933BD50022DD5B /* TownNews */;
			targetProxy = B5679A3B27933BE70022DD5B /* PBXContainerItemProxy */;
		};
		B5679A4627933BE70022DD5B /* PBXTargetDependency */ = {
			isa = PBXTargetDependency;
			target = B5679A2927933BD50022DD5B /* TownNews */;
			targetProxy = B5679A4527933BE70022DD5B /* PBXContainerItemProxy */;
		};
/* End PBXTargetDependency section */

/* Begin XCBuildConfiguration section */
		B5679A4C27933BE70022DD5B /* Debug */ = {
			isa = XCBuildConfiguration;
			buildSettings = {
				ALWAYS_SEARCH_USER_PATHS = NO;
				CLANG_ANALYZER_NONNULL = YES;
				CLANG_ANALYZER_NUMBER_OBJECT_CONVERSION = YES_AGGRESSIVE;
				CLANG_CXX_LANGUAGE_STANDARD = "gnu++17";
				CLANG_CXX_LIBRARY = "libc++";
				CLANG_ENABLE_MODULES = YES;
				CLANG_ENABLE_OBJC_ARC = YES;
				CLANG_ENABLE_OBJC_WEAK = YES;
				CLANG_WARN_BLOCK_CAPTURE_AUTORELEASING = YES;
				CLANG_WARN_BOOL_CONVERSION = YES;
				CLANG_WARN_COMMA = YES;
				CLANG_WARN_CONSTANT_CONVERSION = YES;
				CLANG_WARN_DEPRECATED_OBJC_IMPLEMENTATIONS = YES;
				CLANG_WARN_DIRECT_OBJC_ISA_USAGE = YES_ERROR;
				CLANG_WARN_DOCUMENTATION_COMMENTS = YES;
				CLANG_WARN_EMPTY_BODY = YES;
				CLANG_WARN_ENUM_CONVERSION = YES;
				CLANG_WARN_INFINITE_RECURSION = YES;
				CLANG_WARN_INT_CONVERSION = YES;
				CLANG_WARN_NON_LITERAL_NULL_CONVERSION = YES;
				CLANG_WARN_OBJC_IMPLICIT_RETAIN_SELF = YES;
				CLANG_WARN_OBJC_LITERAL_CONVERSION = YES;
				CLANG_WARN_OBJC_ROOT_CLASS = YES_ERROR;
				CLANG_WARN_QUOTED_INCLUDE_IN_FRAMEWORK_HEADER = YES;
				CLANG_WARN_RANGE_LOOP_ANALYSIS = YES;
				CLANG_WARN_STRICT_PROTOTYPES = YES;
				CLANG_WARN_SUSPICIOUS_MOVE = YES;
				CLANG_WARN_UNGUARDED_AVAILABILITY = YES_AGGRESSIVE;
				CLANG_WARN_UNREACHABLE_CODE = YES;
				CLANG_WARN__DUPLICATE_METHOD_MATCH = YES;
				COPY_PHASE_STRIP = NO;
				DEBUG_INFORMATION_FORMAT = dwarf;
				ENABLE_STRICT_OBJC_MSGSEND = YES;
				ENABLE_TESTABILITY = YES;
				GCC_C_LANGUAGE_STANDARD = gnu11;
				GCC_DYNAMIC_NO_PIC = NO;
				GCC_NO_COMMON_BLOCKS = YES;
				GCC_OPTIMIZATION_LEVEL = 0;
				GCC_PREPROCESSOR_DEFINITIONS = (
					"DEBUG=1",
					"$(inherited)",
				);
				GCC_WARN_64_TO_32_BIT_CONVERSION = YES;
				GCC_WARN_ABOUT_RETURN_TYPE = YES_ERROR;
				GCC_WARN_UNDECLARED_SELECTOR = YES;
				GCC_WARN_UNINITIALIZED_AUTOS = YES_AGGRESSIVE;
				GCC_WARN_UNUSED_FUNCTION = YES;
				GCC_WARN_UNUSED_VARIABLE = YES;
				IPHONEOS_DEPLOYMENT_TARGET = 15.0;
				MTL_ENABLE_DEBUG_INFO = INCLUDE_SOURCE;
				MTL_FAST_MATH = YES;
				ONLY_ACTIVE_ARCH = YES;
				SDKROOT = iphoneos;
				SWIFT_ACTIVE_COMPILATION_CONDITIONS = DEBUG;
				SWIFT_OPTIMIZATION_LEVEL = "-Onone";
			};
			name = Debug;
		};
		B5679A4D27933BE70022DD5B /* Release */ = {
			isa = XCBuildConfiguration;
			buildSettings = {
				ALWAYS_SEARCH_USER_PATHS = NO;
				CLANG_ANALYZER_NONNULL = YES;
				CLANG_ANALYZER_NUMBER_OBJECT_CONVERSION = YES_AGGRESSIVE;
				CLANG_CXX_LANGUAGE_STANDARD = "gnu++17";
				CLANG_CXX_LIBRARY = "libc++";
				CLANG_ENABLE_MODULES = YES;
				CLANG_ENABLE_OBJC_ARC = YES;
				CLANG_ENABLE_OBJC_WEAK = YES;
				CLANG_WARN_BLOCK_CAPTURE_AUTORELEASING = YES;
				CLANG_WARN_BOOL_CONVERSION = YES;
				CLANG_WARN_COMMA = YES;
				CLANG_WARN_CONSTANT_CONVERSION = YES;
				CLANG_WARN_DEPRECATED_OBJC_IMPLEMENTATIONS = YES;
				CLANG_WARN_DIRECT_OBJC_ISA_USAGE = YES_ERROR;
				CLANG_WARN_DOCUMENTATION_COMMENTS = YES;
				CLANG_WARN_EMPTY_BODY = YES;
				CLANG_WARN_ENUM_CONVERSION = YES;
				CLANG_WARN_INFINITE_RECURSION = YES;
				CLANG_WARN_INT_CONVERSION = YES;
				CLANG_WARN_NON_LITERAL_NULL_CONVERSION = YES;
				CLANG_WARN_OBJC_IMPLICIT_RETAIN_SELF = YES;
				CLANG_WARN_OBJC_LITERAL_CONVERSION = YES;
				CLANG_WARN_OBJC_ROOT_CLASS = YES_ERROR;
				CLANG_WARN_QUOTED_INCLUDE_IN_FRAMEWORK_HEADER = YES;
				CLANG_WARN_RANGE_LOOP_ANALYSIS = YES;
				CLANG_WARN_STRICT_PROTOTYPES = YES;
				CLANG_WARN_SUSPICIOUS_MOVE = YES;
				CLANG_WARN_UNGUARDED_AVAILABILITY = YES_AGGRESSIVE;
				CLANG_WARN_UNREACHABLE_CODE = YES;
				CLANG_WARN__DUPLICATE_METHOD_MATCH = YES;
				COPY_PHASE_STRIP = NO;
				DEBUG_INFORMATION_FORMAT = "dwarf-with-dsym";
				ENABLE_NS_ASSERTIONS = NO;
				ENABLE_STRICT_OBJC_MSGSEND = YES;
				GCC_C_LANGUAGE_STANDARD = gnu11;
				GCC_NO_COMMON_BLOCKS = YES;
				GCC_WARN_64_TO_32_BIT_CONVERSION = YES;
				GCC_WARN_ABOUT_RETURN_TYPE = YES_ERROR;
				GCC_WARN_UNDECLARED_SELECTOR = YES;
				GCC_WARN_UNINITIALIZED_AUTOS = YES_AGGRESSIVE;
				GCC_WARN_UNUSED_FUNCTION = YES;
				GCC_WARN_UNUSED_VARIABLE = YES;
				IPHONEOS_DEPLOYMENT_TARGET = 15.0;
				MTL_ENABLE_DEBUG_INFO = NO;
				MTL_FAST_MATH = YES;
				SDKROOT = iphoneos;
				SWIFT_COMPILATION_MODE = wholemodule;
				SWIFT_OPTIMIZATION_LEVEL = "-O";
				VALIDATE_PRODUCT = YES;
			};
			name = Release;
		};
		B5679A4F27933BE70022DD5B /* Debug */ = {
			isa = XCBuildConfiguration;
			buildSettings = {
				ASSETCATALOG_COMPILER_APPICON_NAME = AppIcon;
				ASSETCATALOG_COMPILER_GLOBAL_ACCENT_COLOR_NAME = AccentColor;
				CODE_SIGN_STYLE = Automatic;
				CURRENT_PROJECT_VERSION = 1;
				DEVELOPMENT_ASSET_PATHS = "\"TownNews/Preview Content\"";
				DEVELOPMENT_TEAM = M83J465D86;
				ENABLE_PREVIEWS = YES;
				GENERATE_INFOPLIST_FILE = YES;
				INFOPLIST_FILE = TownNews/Info.plist;
				INFOPLIST_KEY_UIApplicationSceneManifest_Generation = YES;
				INFOPLIST_KEY_UIApplicationSupportsIndirectInputEvents = YES;
				INFOPLIST_KEY_UILaunchScreen_Generation = YES;
				INFOPLIST_KEY_UILaunchStoryboardName = LaunchScreen;
				INFOPLIST_KEY_UISupportedInterfaceOrientations_iPad = "UIInterfaceOrientationPortrait UIInterfaceOrientationPortraitUpsideDown UIInterfaceOrientationLandscapeLeft UIInterfaceOrientationLandscapeRight";
				INFOPLIST_KEY_UISupportedInterfaceOrientations_iPhone = "UIInterfaceOrientationPortrait UIInterfaceOrientationLandscapeLeft UIInterfaceOrientationLandscapeRight";
				LD_RUNPATH_SEARCH_PATHS = (
					"$(inherited)",
					"@executable_path/Frameworks",
				);
				MARKETING_VERSION = 1.0;
				PRODUCT_BUNDLE_IDENTIFIER = savvinmo.TownNews;
				PRODUCT_NAME = "$(TARGET_NAME)";
				SWIFT_EMIT_LOC_STRINGS = YES;
				SWIFT_VERSION = 5.0;
				TARGETED_DEVICE_FAMILY = "1,2";
			};
			name = Debug;
		};
		B5679A5027933BE70022DD5B /* Release */ = {
			isa = XCBuildConfiguration;
			buildSettings = {
				ASSETCATALOG_COMPILER_APPICON_NAME = AppIcon;
				ASSETCATALOG_COMPILER_GLOBAL_ACCENT_COLOR_NAME = AccentColor;
				CODE_SIGN_STYLE = Automatic;
				CURRENT_PROJECT_VERSION = 1;
				DEVELOPMENT_ASSET_PATHS = "\"TownNews/Preview Content\"";
				DEVELOPMENT_TEAM = M83J465D86;
				ENABLE_PREVIEWS = YES;
				GENERATE_INFOPLIST_FILE = YES;
				INFOPLIST_FILE = TownNews/Info.plist;
				INFOPLIST_KEY_UIApplicationSceneManifest_Generation = YES;
				INFOPLIST_KEY_UIApplicationSupportsIndirectInputEvents = YES;
				INFOPLIST_KEY_UILaunchScreen_Generation = YES;
				INFOPLIST_KEY_UILaunchStoryboardName = LaunchScreen;
				INFOPLIST_KEY_UISupportedInterfaceOrientations_iPad = "UIInterfaceOrientationPortrait UIInterfaceOrientationPortraitUpsideDown UIInterfaceOrientationLandscapeLeft UIInterfaceOrientationLandscapeRight";
				INFOPLIST_KEY_UISupportedInterfaceOrientations_iPhone = "UIInterfaceOrientationPortrait UIInterfaceOrientationLandscapeLeft UIInterfaceOrientationLandscapeRight";
				LD_RUNPATH_SEARCH_PATHS = (
					"$(inherited)",
					"@executable_path/Frameworks",
				);
				MARKETING_VERSION = 1.0;
				PRODUCT_BUNDLE_IDENTIFIER = savvinmo.TownNews;
				PRODUCT_NAME = "$(TARGET_NAME)";
				SWIFT_EMIT_LOC_STRINGS = YES;
				SWIFT_VERSION = 5.0;
				TARGETED_DEVICE_FAMILY = "1,2";
			};
			name = Release;
		};
		B5679A5227933BE70022DD5B /* Debug */ = {
			isa = XCBuildConfiguration;
			buildSettings = {
				ALWAYS_EMBED_SWIFT_STANDARD_LIBRARIES = YES;
				BUNDLE_LOADER = "$(TEST_HOST)";
				CODE_SIGN_STYLE = Automatic;
				CURRENT_PROJECT_VERSION = 1;
				DEVELOPMENT_TEAM = M83J465D86;
				GENERATE_INFOPLIST_FILE = YES;
				IPHONEOS_DEPLOYMENT_TARGET = 15.0;
				LD_RUNPATH_SEARCH_PATHS = (
					"$(inherited)",
					"@executable_path/Frameworks",
					"@loader_path/Frameworks",
				);
				MARKETING_VERSION = 1.0;
				PRODUCT_BUNDLE_IDENTIFIER = Maksim.TownNewsTests;
				PRODUCT_NAME = "$(TARGET_NAME)";
				SWIFT_EMIT_LOC_STRINGS = NO;
				SWIFT_VERSION = 5.0;
				TARGETED_DEVICE_FAMILY = "1,2";
				TEST_HOST = "$(BUILT_PRODUCTS_DIR)/TownNews.app/TownNews";
			};
			name = Debug;
		};
		B5679A5327933BE70022DD5B /* Release */ = {
			isa = XCBuildConfiguration;
			buildSettings = {
				ALWAYS_EMBED_SWIFT_STANDARD_LIBRARIES = YES;
				BUNDLE_LOADER = "$(TEST_HOST)";
				CODE_SIGN_STYLE = Automatic;
				CURRENT_PROJECT_VERSION = 1;
				DEVELOPMENT_TEAM = M83J465D86;
				GENERATE_INFOPLIST_FILE = YES;
				IPHONEOS_DEPLOYMENT_TARGET = 15.0;
				LD_RUNPATH_SEARCH_PATHS = (
					"$(inherited)",
					"@executable_path/Frameworks",
					"@loader_path/Frameworks",
				);
				MARKETING_VERSION = 1.0;
				PRODUCT_BUNDLE_IDENTIFIER = Maksim.TownNewsTests;
				PRODUCT_NAME = "$(TARGET_NAME)";
				SWIFT_EMIT_LOC_STRINGS = NO;
				SWIFT_VERSION = 5.0;
				TARGETED_DEVICE_FAMILY = "1,2";
				TEST_HOST = "$(BUILT_PRODUCTS_DIR)/TownNews.app/TownNews";
			};
			name = Release;
		};
		B5679A5527933BE70022DD5B /* Debug */ = {
			isa = XCBuildConfiguration;
			buildSettings = {
				ALWAYS_EMBED_SWIFT_STANDARD_LIBRARIES = YES;
				CODE_SIGN_STYLE = Automatic;
				CURRENT_PROJECT_VERSION = 1;
				DEVELOPMENT_TEAM = M83J465D86;
				GENERATE_INFOPLIST_FILE = YES;
				LD_RUNPATH_SEARCH_PATHS = (
					"$(inherited)",
					"@executable_path/Frameworks",
					"@loader_path/Frameworks",
				);
				MARKETING_VERSION = 1.0;
				PRODUCT_BUNDLE_IDENTIFIER = Maksim.TownNewsUITests;
				PRODUCT_NAME = "$(TARGET_NAME)";
				SWIFT_EMIT_LOC_STRINGS = NO;
				SWIFT_VERSION = 5.0;
				TARGETED_DEVICE_FAMILY = "1,2";
				TEST_TARGET_NAME = TownNews;
			};
			name = Debug;
		};
		B5679A5627933BE70022DD5B /* Release */ = {
			isa = XCBuildConfiguration;
			buildSettings = {
				ALWAYS_EMBED_SWIFT_STANDARD_LIBRARIES = YES;
				CODE_SIGN_STYLE = Automatic;
				CURRENT_PROJECT_VERSION = 1;
				DEVELOPMENT_TEAM = M83J465D86;
				GENERATE_INFOPLIST_FILE = YES;
				LD_RUNPATH_SEARCH_PATHS = (
					"$(inherited)",
					"@executable_path/Frameworks",
					"@loader_path/Frameworks",
				);
				MARKETING_VERSION = 1.0;
				PRODUCT_BUNDLE_IDENTIFIER = Maksim.TownNewsUITests;
				PRODUCT_NAME = "$(TARGET_NAME)";
				SWIFT_EMIT_LOC_STRINGS = NO;
				SWIFT_VERSION = 5.0;
				TARGETED_DEVICE_FAMILY = "1,2";
				TEST_TARGET_NAME = TownNews;
			};
			name = Release;
		};
/* End XCBuildConfiguration section */

/* Begin XCConfigurationList section */
		B5679A2527933BD50022DD5B /* Build configuration list for PBXProject "TownNews" */ = {
			isa = XCConfigurationList;
			buildConfigurations = (
				B5679A4C27933BE70022DD5B /* Debug */,
				B5679A4D27933BE70022DD5B /* Release */,
			);
			defaultConfigurationIsVisible = 0;
			defaultConfigurationName = Release;
		};
		B5679A4E27933BE70022DD5B /* Build configuration list for PBXNativeTarget "TownNews" */ = {
			isa = XCConfigurationList;
			buildConfigurations = (
				B5679A4F27933BE70022DD5B /* Debug */,
				B5679A5027933BE70022DD5B /* Release */,
			);
			defaultConfigurationIsVisible = 0;
			defaultConfigurationName = Release;
		};
		B5679A5127933BE70022DD5B /* Build configuration list for PBXNativeTarget "TownNewsTests" */ = {
			isa = XCConfigurationList;
			buildConfigurations = (
				B5679A5227933BE70022DD5B /* Debug */,
				B5679A5327933BE70022DD5B /* Release */,
			);
			defaultConfigurationIsVisible = 0;
			defaultConfigurationName = Release;
		};
		B5679A5427933BE70022DD5B /* Build configuration list for PBXNativeTarget "TownNewsUITests" */ = {
			isa = XCConfigurationList;
			buildConfigurations = (
				B5679A5527933BE70022DD5B /* Debug */,
				B5679A5627933BE70022DD5B /* Release */,
			);
			defaultConfigurationIsVisible = 0;
			defaultConfigurationName = Release;
		};
/* End XCConfigurationList section */
	};
	rootObject = B5679A2227933BD50022DD5B /* Project object */;
}
